
Microsoft Visual Studio Solution File, Format Version 12.00
# Visual Studio Version 17
VisualStudioVersion = 17.9.34728.123
MinimumVisualStudioVersion = 10.0.40219.1
Project("{FAE04EC0-301F-11D3-BF4B-00C04F79EFBC}") = "CocinaRPO", "CocinaRPO\CocinaRPO.csproj", "{7147FCF1-79E6-4E94-A092-3948BE859FCC}"
EndProject
Global
	GlobalSection(SolutionConfigurationPlatforms) = preSolution
		Debug|Any CPU = Debug|Any CPU
		Release|Any CPU = Release|Any CPU
	EndGlobalSection
	GlobalSection(ProjectConfigurationPlatforms) = postSolution
		{7147FCF1-79E6-4E94-A092-3948BE859FCC}.Debug|Any CPU.ActiveCfg = Debug|Any CPU
		{7147FCF1-79E6-4E94-A092-3948BE859FCC}.Debug|Any CPU.Build.0 = Debug|Any CPU
		{7147FCF1-79E6-4E94-A092-3948BE859FCC}.Release|Any CPU.ActiveCfg = Release|Any CPU
		{7147FCF1-79E6-4E94-A092-3948BE859FCC}.Release|Any CPU.Build.0 = Release|Any CPU
	EndGlobalSection
	GlobalSection(SolutionProperties) = preSolution
		HideSolutionNode = FALSE
	EndGlobalSection
	GlobalSection(ExtensibilityGlobals) = postSolution
		SolutionGuid = {05B19A2A-2134-4011-AEFF-2FA182E0CB56}
	EndGlobalSection
EndGlobal
